// !$*UTF8*$!
{
	archiveVersion = 1;
	classes = {
	};
	objectVersion = 56;
	objects = {

/* Begin PBXBuildFile section */
		2246DFE12C221B570001CCF2 /* MovieDetailsViewController.swift in Sources */ = {isa = PBXBuildFile; fileRef = 2246DFE02C221B570001CCF2 /* MovieDetailsViewController.swift */; };
		226416652C1BA04700DED012 /* Movie.swift in Sources */ = {isa = PBXBuildFile; fileRef = 226416642C1BA04700DED012 /* Movie.swift */; };
		226416682C1BA89700DED012 /* MovieTableViewCell.swift in Sources */ = {isa = PBXBuildFile; fileRef = 226416672C1BA89700DED012 /* MovieTableViewCell.swift */; };
		229C14842C2460D40071625D /* MovieService.swift in Sources */ = {isa = PBXBuildFile; fileRef = 229C14832C2460D40071625D /* MovieService.swift */; };
		229C14862C24E2410071625D /* FavoriteMoviesViewController.swift in Sources */ = {isa = PBXBuildFile; fileRef = 229C14852C24E2410071625D /* FavoriteMoviesViewController.swift */; };
		229C148C2C24ECAF0071625D /* FavoriteMovieCollectionViewCell.swift in Sources */ = {isa = PBXBuildFile; fileRef = 229C148B2C24ECAF0071625D /* FavoriteMovieCollectionViewCell.swift */; };
		2F88D3822BF4FB7F00C5B19A /* MoviesViewController.swift in Sources */ = {isa = PBXBuildFile; fileRef = 2F88D3812BF4FB7F00C5B19A /* MoviesViewController.swift */; };
		2FE9908E2BEA7C0F00712E99 /* AppDelegate.swift in Sources */ = {isa = PBXBuildFile; fileRef = 2FE9908D2BEA7C0F00712E99 /* AppDelegate.swift */; };
		2FE990902BEA7C0F00712E99 /* SceneDelegate.swift in Sources */ = {isa = PBXBuildFile; fileRef = 2FE9908F2BEA7C0F00712E99 /* SceneDelegate.swift */; };
		2FE990922BEA7C0F00712E99 /* HomeViewController.swift in Sources */ = {isa = PBXBuildFile; fileRef = 2FE990912BEA7C0F00712E99 /* HomeViewController.swift */; };
		2FE990972BEA7C1000712E99 /* Assets.xcassets in Resources */ = {isa = PBXBuildFile; fileRef = 2FE990962BEA7C1000712E99 /* Assets.xcassets */; };
		2FE9909A2BEA7C1000712E99 /* Base in Resources */ = {isa = PBXBuildFile; fileRef = 2FE990992BEA7C1000712E99 /* Base */; };
		7970EA7086B61F053F0CF8DE /* Pods_Cinetopia.framework in Frameworks */ = {isa = PBXBuildFile; fileRef = 891E2AF19CCF3D7A90771EE5 /* Pods_Cinetopia.framework */; };
/* End PBXBuildFile section */

/* Begin PBXFileReference section */
		2246DFE02C221B570001CCF2 /* MovieDetailsViewController.swift */ = {isa = PBXFileReference; lastKnownFileType = sourcecode.swift; path = MovieDetailsViewController.swift; sourceTree = "<group>"; };
		226416642C1BA04700DED012 /* Movie.swift */ = {isa = PBXFileReference; lastKnownFileType = sourcecode.swift; path = Movie.swift; sourceTree = "<group>"; };
		226416672C1BA89700DED012 /* MovieTableViewCell.swift */ = {isa = PBXFileReference; lastKnownFileType = sourcecode.swift; path = MovieTableViewCell.swift; sourceTree = "<group>"; };
		229C14832C2460D40071625D /* MovieService.swift */ = {isa = PBXFileReference; lastKnownFileType = sourcecode.swift; path = MovieService.swift; sourceTree = "<group>"; };
		229C14852C24E2410071625D /* FavoriteMoviesViewController.swift */ = {isa = PBXFileReference; lastKnownFileType = sourcecode.swift; path = FavoriteMoviesViewController.swift; sourceTree = "<group>"; };
		229C148B2C24ECAF0071625D /* FavoriteMovieCollectionViewCell.swift */ = {isa = PBXFileReference; lastKnownFileType = sourcecode.swift; path = FavoriteMovieCollectionViewCell.swift; sourceTree = "<group>"; };
		2C1A68A3E763C3A03252433E /* Pods-Cinetopia.debug.xcconfig */ = {isa = PBXFileReference; includeInIndex = 1; lastKnownFileType = text.xcconfig; name = "Pods-Cinetopia.debug.xcconfig"; path = "Target Support Files/Pods-Cinetopia/Pods-Cinetopia.debug.xcconfig"; sourceTree = "<group>"; };
		2F88D3812BF4FB7F00C5B19A /* MoviesViewController.swift */ = {isa = PBXFileReference; lastKnownFileType = sourcecode.swift; path = MoviesViewController.swift; sourceTree = "<group>"; };
		2FE9908A2BEA7C0F00712E99 /* Cinetopia.app */ = {isa = PBXFileReference; explicitFileType = wrapper.application; includeInIndex = 0; path = Cinetopia.app; sourceTree = BUILT_PRODUCTS_DIR; };
		2FE9908D2BEA7C0F00712E99 /* AppDelegate.swift */ = {isa = PBXFileReference; lastKnownFileType = sourcecode.swift; path = AppDelegate.swift; sourceTree = "<group>"; };
		2FE9908F2BEA7C0F00712E99 /* SceneDelegate.swift */ = {isa = PBXFileReference; lastKnownFileType = sourcecode.swift; path = SceneDelegate.swift; sourceTree = "<group>"; };
		2FE990912BEA7C0F00712E99 /* HomeViewController.swift */ = {isa = PBXFileReference; lastKnownFileType = sourcecode.swift; path = HomeViewController.swift; sourceTree = "<group>"; };
		2FE990962BEA7C1000712E99 /* Assets.xcassets */ = {isa = PBXFileReference; lastKnownFileType = folder.assetcatalog; path = Assets.xcassets; sourceTree = "<group>"; };
		2FE990992BEA7C1000712E99 /* Base */ = {isa = PBXFileReference; lastKnownFileType = file.storyboard; name = Base; path = Base.lproj/LaunchScreen.storyboard; sourceTree = "<group>"; };
		2FE9909B2BEA7C1000712E99 /* Info.plist */ = {isa = PBXFileReference; lastKnownFileType = text.plist.xml; path = Info.plist; sourceTree = "<group>"; };
		891E2AF19CCF3D7A90771EE5 /* Pods_Cinetopia.framework */ = {isa = PBXFileReference; explicitFileType = wrapper.framework; includeInIndex = 0; path = Pods_Cinetopia.framework; sourceTree = BUILT_PRODUCTS_DIR; };
		89BB0BDC463889483C36C8F7 /* Pods-Cinetopia.release.xcconfig */ = {isa = PBXFileReference; includeInIndex = 1; lastKnownFileType = text.xcconfig; name = "Pods-Cinetopia.release.xcconfig"; path = "Target Support Files/Pods-Cinetopia/Pods-Cinetopia.release.xcconfig"; sourceTree = "<group>"; };
/* End PBXFileReference section */

/* Begin PBXFrameworksBuildPhase section */
		2FE990872BEA7C0F00712E99 /* Frameworks */ = {
			isa = PBXFrameworksBuildPhase;
			buildActionMask = 2147483647;
			files = (
				7970EA7086B61F053F0CF8DE /* Pods_Cinetopia.framework in Frameworks */,
			);
			runOnlyForDeploymentPostprocessing = 0;
		};
/* End PBXFrameworksBuildPhase section */

/* Begin PBXGroup section */
		226416622C1B9FF000DED012 /* ViewControllers */ = {
			isa = PBXGroup;
			children = (
				2F88D3812BF4FB7F00C5B19A /* MoviesViewController.swift */,
				2FE990912BEA7C0F00712E99 /* HomeViewController.swift */,
				2246DFE02C221B570001CCF2 /* MovieDetailsViewController.swift */,
				229C14852C24E2410071625D /* FavoriteMoviesViewController.swift */,
			);
			path = ViewControllers;
			sourceTree = "<group>";
		};
		226416632C1BA00D00DED012 /* Models */ = {
			isa = PBXGroup;
			children = (
				226416642C1BA04700DED012 /* Movie.swift */,
			);
			path = Models;
			sourceTree = "<group>";
		};
		226416662C1BA83D00DED012 /* Cells */ = {
			isa = PBXGroup;
			children = (
				226416672C1BA89700DED012 /* MovieTableViewCell.swift */,
				229C148B2C24ECAF0071625D /* FavoriteMovieCollectionViewCell.swift */,
			);
			path = Cells;
			sourceTree = "<group>";
		};
		229C14822C2460B00071625D /* Services */ = {
			isa = PBXGroup;
			children = (
				229C14832C2460D40071625D /* MovieService.swift */,
			);
			path = Services;
			sourceTree = "<group>";
		};
		2FE990812BEA7C0F00712E99 = {
			isa = PBXGroup;
			children = (
				2FE9908C2BEA7C0F00712E99 /* Cinetopia */,
				2FE9908B2BEA7C0F00712E99 /* Products */,
				9BEE3C857CC3E16F680A39E6 /* Pods */,
				C9375CA8476CBA0B3FD5A092 /* Frameworks */,
			);
			sourceTree = "<group>";
		};
		2FE9908B2BEA7C0F00712E99 /* Products */ = {
			isa = PBXGroup;
			children = (
				2FE9908A2BEA7C0F00712E99 /* Cinetopia.app */,
			);
			name = Products;
			sourceTree = "<group>";
		};
		2FE9908C2BEA7C0F00712E99 /* Cinetopia */ = {
			isa = PBXGroup;
			children = (
				229C14822C2460B00071625D /* Services */,
				226416662C1BA83D00DED012 /* Cells */,
				226416632C1BA00D00DED012 /* Models */,
				226416622C1B9FF000DED012 /* ViewControllers */,
				2FE9908D2BEA7C0F00712E99 /* AppDelegate.swift */,
				2FE9908F2BEA7C0F00712E99 /* SceneDelegate.swift */,
				2FE990962BEA7C1000712E99 /* Assets.xcassets */,
				2FE990982BEA7C1000712E99 /* LaunchScreen.storyboard */,
				2FE9909B2BEA7C1000712E99 /* Info.plist */,
			);
			path = Cinetopia;
			sourceTree = "<group>";
		};
		9BEE3C857CC3E16F680A39E6 /* Pods */ = {
			isa = PBXGroup;
			children = (
				2C1A68A3E763C3A03252433E /* Pods-Cinetopia.debug.xcconfig */,
				89BB0BDC463889483C36C8F7 /* Pods-Cinetopia.release.xcconfig */,
			);
			path = Pods;
			sourceTree = "<group>";
		};
		C9375CA8476CBA0B3FD5A092 /* Frameworks */ = {
			isa = PBXGroup;
			children = (
				891E2AF19CCF3D7A90771EE5 /* Pods_Cinetopia.framework */,
			);
			name = Frameworks;
			sourceTree = "<group>";
		};
/* End PBXGroup section */

/* Begin PBXNativeTarget section */
		2FE990892BEA7C0F00712E99 /* Cinetopia */ = {
			isa = PBXNativeTarget;
			buildConfigurationList = 2FE9909E2BEA7C1000712E99 /* Build configuration list for PBXNativeTarget "Cinetopia" */;
			buildPhases = (
				2861F9E2AE1554432EC7F0D6 /* [CP] Check Pods Manifest.lock */,
				2FE990862BEA7C0F00712E99 /* Sources */,
				2FE990872BEA7C0F00712E99 /* Frameworks */,
				2FE990882BEA7C0F00712E99 /* Resources */,
				869121250B3869219DBC1377 /* [CP] Embed Pods Frameworks */,
			);
			buildRules = (
			);
			dependencies = (
			);
			name = Cinetopia;
			productName = Cinetopia;
			productReference = 2FE9908A2BEA7C0F00712E99 /* Cinetopia.app */;
			productType = "com.apple.product-type.application";
		};
/* End PBXNativeTarget section */

/* Begin PBXProject section */
		2FE990822BEA7C0F00712E99 /* Project object */ = {
			isa = PBXProject;
			attributes = {
				BuildIndependentTargetsInParallel = 1;
				LastSwiftUpdateCheck = 1530;
				LastUpgradeCheck = 1530;
				TargetAttributes = {
					2FE990892BEA7C0F00712E99 = {
						CreatedOnToolsVersion = 15.3;
					};
				};
			};
			buildConfigurationList = 2FE990852BEA7C0F00712E99 /* Build configuration list for PBXProject "Cinetopia" */;
			compatibilityVersion = "Xcode 14.0";
			developmentRegion = en;
			hasScannedForEncodings = 0;
			knownRegions = (
				en,
				Base,
			);
			mainGroup = 2FE990812BEA7C0F00712E99;
			productRefGroup = 2FE9908B2BEA7C0F00712E99 /* Products */;
			projectDirPath = "";
			projectRoot = "";
			targets = (
				2FE990892BEA7C0F00712E99 /* Cinetopia */,
			);
		};
/* End PBXProject section */

/* Begin PBXResourcesBuildPhase section */
		2FE990882BEA7C0F00712E99 /* Resources */ = {
			isa = PBXResourcesBuildPhase;
			buildActionMask = 2147483647;
			files = (
				2FE990972BEA7C1000712E99 /* Assets.xcassets in Resources */,
				2FE9909A2BEA7C1000712E99 /* Base in Resources */,
			);
			runOnlyForDeploymentPostprocessing = 0;
		};
/* End PBXResourcesBuildPhase section */

/* Begin PBXShellScriptBuildPhase section */
		2861F9E2AE1554432EC7F0D6 /* [CP] Check Pods Manifest.lock */ = {
			isa = PBXShellScriptBuildPhase;
			buildActionMask = 2147483647;
			files = (
			);
			inputFileListPaths = (
			);
			inputPaths = (
				"${PODS_PODFILE_DIR_PATH}/Podfile.lock",
				"${PODS_ROOT}/Manifest.lock",
			);
			name = "[CP] Check Pods Manifest.lock";
			outputFileListPaths = (
			);
			outputPaths = (
				"$(DERIVED_FILE_DIR)/Pods-Cinetopia-checkManifestLockResult.txt",
			);
			runOnlyForDeploymentPostprocessing = 0;
			shellPath = /bin/sh;
			shellScript = "diff \"${PODS_PODFILE_DIR_PATH}/Podfile.lock\" \"${PODS_ROOT}/Manifest.lock\" > /dev/null\nif [ $? != 0 ] ; then\n    # print error to STDERR\n    echo \"error: The sandbox is not in sync with the Podfile.lock. Run 'pod install' or update your CocoaPods installation.\" >&2\n    exit 1\nfi\n# This output is used by Xcode 'outputs' to avoid re-running this script phase.\necho \"SUCCESS\" > \"${SCRIPT_OUTPUT_FILE_0}\"\n";
			showEnvVarsInLog = 0;
		};
		869121250B3869219DBC1377 /* [CP] Embed Pods Frameworks */ = {
			isa = PBXShellScriptBuildPhase;
			buildActionMask = 2147483647;
			files = (
			);
			inputFileListPaths = (
				"${PODS_ROOT}/Target Support Files/Pods-Cinetopia/Pods-Cinetopia-frameworks-${CONFIGURATION}-input-files.xcfilelist",
			);
			name = "[CP] Embed Pods Frameworks";
			outputFileListPaths = (
				"${PODS_ROOT}/Target Support Files/Pods-Cinetopia/Pods-Cinetopia-frameworks-${CONFIGURATION}-output-files.xcfilelist",
			);
			runOnlyForDeploymentPostprocessing = 0;
			shellPath = /bin/sh;
			shellScript = "\"${PODS_ROOT}/Target Support Files/Pods-Cinetopia/Pods-Cinetopia-frameworks.sh\"\n";
			showEnvVarsInLog = 0;
		};
/* End PBXShellScriptBuildPhase section */

/* Begin PBXSourcesBuildPhase section */
		2FE990862BEA7C0F00712E99 /* Sources */ = {
			isa = PBXSourcesBuildPhase;
			buildActionMask = 2147483647;
			files = (
				229C14862C24E2410071625D /* FavoriteMoviesViewController.swift in Sources */,
				2FE990922BEA7C0F00712E99 /* HomeViewController.swift in Sources */,
				2FE9908E2BEA7C0F00712E99 /* AppDelegate.swift in Sources */,
				226416682C1BA89700DED012 /* MovieTableViewCell.swift in Sources */,
				2246DFE12C221B570001CCF2 /* MovieDetailsViewController.swift in Sources */,
				2FE990902BEA7C0F00712E99 /* SceneDelegate.swift in Sources */,
				2F88D3822BF4FB7F00C5B19A /* MoviesViewController.swift in Sources */,
				229C148C2C24ECAF0071625D /* FavoriteMovieCollectionViewCell.swift in Sources */,
				229C14842C2460D40071625D /* MovieService.swift in Sources */,
				226416652C1BA04700DED012 /* Movie.swift in Sources */,
			);
			runOnlyForDeploymentPostprocessing = 0;
		};
/* End PBXSourcesBuildPhase section */

/* Begin PBXVariantGroup section */
		2FE990982BEA7C1000712E99 /* LaunchScreen.storyboard */ = {
			isa = PBXVariantGroup;
			children = (
				2FE990992BEA7C1000712E99 /* Base */,
			);
			name = LaunchScreen.storyboard;
			sourceTree = "<group>";
		};
/* End PBXVariantGroup section */

/* Begin XCBuildConfiguration section */
		2FE9909C2BEA7C1000712E99 /* Debug */ = {
			isa = XCBuildConfiguration;
			buildSettings = {
				ALWAYS_SEARCH_USER_PATHS = NO;
				ASSETCATALOG_COMPILER_GENERATE_SWIFT_ASSET_SYMBOL_EXTENSIONS = YES;
				CLANG_ANALYZER_NONNULL = YES;
				CLANG_ANALYZER_NUMBER_OBJECT_CONVERSION = YES_AGGRESSIVE;
				CLANG_CXX_LANGUAGE_STANDARD = "gnu++20";
				CLANG_ENABLE_MODULES = YES;
				CLANG_ENABLE_OBJC_ARC = YES;
				CLANG_ENABLE_OBJC_WEAK = YES;
				CLANG_WARN_BLOCK_CAPTURE_AUTORELEASING = YES;
				CLANG_WARN_BOOL_CONVERSION = YES;
				CLANG_WARN_COMMA = YES;
				CLANG_WARN_CONSTANT_CONVERSION = YES;
				CLANG_WARN_DEPRECATED_OBJC_IMPLEMENTATIONS = YES;
				CLANG_WARN_DIRECT_OBJC_ISA_USAGE = YES_ERROR;
				CLANG_WARN_DOCUMENTATION_COMMENTS = YES;
				CLANG_WARN_EMPTY_BODY = YES;
				CLANG_WARN_ENUM_CONVERSION = YES;
				CLANG_WARN_INFINITE_RECURSION = YES;
				CLANG_WARN_INT_CONVERSION = YES;
				CLANG_WARN_NON_LITERAL_NULL_CONVERSION = YES;
				CLANG_WARN_OBJC_IMPLICIT_RETAIN_SELF = YES;
				CLANG_WARN_OBJC_LITERAL_CONVERSION = YES;
				CLANG_WARN_OBJC_ROOT_CLASS = YES_ERROR;
				CLANG_WARN_QUOTED_INCLUDE_IN_FRAMEWORK_HEADER = YES;
				CLANG_WARN_RANGE_LOOP_ANALYSIS = YES;
				CLANG_WARN_STRICT_PROTOTYPES = YES;
				CLANG_WARN_SUSPICIOUS_MOVE = YES;
				CLANG_WARN_UNGUARDED_AVAILABILITY = YES_AGGRESSIVE;
				CLANG_WARN_UNREACHABLE_CODE = YES;
				CLANG_WARN__DUPLICATE_METHOD_MATCH = YES;
				COPY_PHASE_STRIP = NO;
				DEBUG_INFORMATION_FORMAT = dwarf;
				ENABLE_STRICT_OBJC_MSGSEND = YES;
				ENABLE_TESTABILITY = YES;
				ENABLE_USER_SCRIPT_SANDBOXING = YES;
				GCC_C_LANGUAGE_STANDARD = gnu17;
				GCC_DYNAMIC_NO_PIC = NO;
				GCC_NO_COMMON_BLOCKS = YES;
				GCC_OPTIMIZATION_LEVEL = 0;
				GCC_PREPROCESSOR_DEFINITIONS = (
					"DEBUG=1",
					"$(inherited)",
				);
				GCC_WARN_64_TO_32_BIT_CONVERSION = YES;
				GCC_WARN_ABOUT_RETURN_TYPE = YES_ERROR;
				GCC_WARN_UNDECLARED_SELECTOR = YES;
				GCC_WARN_UNINITIALIZED_AUTOS = YES_AGGRESSIVE;
				GCC_WARN_UNUSED_FUNCTION = YES;
				GCC_WARN_UNUSED_VARIABLE = YES;
				IPHONEOS_DEPLOYMENT_TARGET = 17.4;
				LOCALIZATION_PREFERS_STRING_CATALOGS = YES;
				MTL_ENABLE_DEBUG_INFO = INCLUDE_SOURCE;
				MTL_FAST_MATH = YES;
				ONLY_ACTIVE_ARCH = YES;
				SDKROOT = iphoneos;
				SWIFT_ACTIVE_COMPILATION_CONDITIONS = "DEBUG $(inherited)";
				SWIFT_OPTIMIZATION_LEVEL = "-Onone";
			};
			name = Debug;
		};
		2FE9909D2BEA7C1000712E99 /* Release */ = {
			isa = XCBuildConfiguration;
			buildSettings = {
				ALWAYS_SEARCH_USER_PATHS = NO;
				ASSETCATALOG_COMPILER_GENERATE_SWIFT_ASSET_SYMBOL_EXTENSIONS = YES;
				CLANG_ANALYZER_NONNULL = YES;
				CLANG_ANALYZER_NUMBER_OBJECT_CONVERSION = YES_AGGRESSIVE;
				CLANG_CXX_LANGUAGE_STANDARD = "gnu++20";
				CLANG_ENABLE_MODULES = YES;
				CLANG_ENABLE_OBJC_ARC = YES;
				CLANG_ENABLE_OBJC_WEAK = YES;
				CLANG_WARN_BLOCK_CAPTURE_AUTORELEASING = YES;
				CLANG_WARN_BOOL_CONVERSION = YES;
				CLANG_WARN_COMMA = YES;
				CLANG_WARN_CONSTANT_CONVERSION = YES;
				CLANG_WARN_DEPRECATED_OBJC_IMPLEMENTATIONS = YES;
				CLANG_WARN_DIRECT_OBJC_ISA_USAGE = YES_ERROR;
				CLANG_WARN_DOCUMENTATION_COMMENTS = YES;
				CLANG_WARN_EMPTY_BODY = YES;
				CLANG_WARN_ENUM_CONVERSION = YES;
				CLANG_WARN_INFINITE_RECURSION = YES;
				CLANG_WARN_INT_CONVERSION = YES;
				CLANG_WARN_NON_LITERAL_NULL_CONVERSION = YES;
				CLANG_WARN_OBJC_IMPLICIT_RETAIN_SELF = YES;
				CLANG_WARN_OBJC_LITERAL_CONVERSION = YES;
				CLANG_WARN_OBJC_ROOT_CLASS = YES_ERROR;
				CLANG_WARN_QUOTED_INCLUDE_IN_FRAMEWORK_HEADER = YES;
				CLANG_WARN_RANGE_LOOP_ANALYSIS = YES;
				CLANG_WARN_STRICT_PROTOTYPES = YES;
				CLANG_WARN_SUSPICIOUS_MOVE = YES;
				CLANG_WARN_UNGUARDED_AVAILABILITY = YES_AGGRESSIVE;
				CLANG_WARN_UNREACHABLE_CODE = YES;
				CLANG_WARN__DUPLICATE_METHOD_MATCH = YES;
				COPY_PHASE_STRIP = NO;
				DEBUG_INFORMATION_FORMAT = "dwarf-with-dsym";
				ENABLE_NS_ASSERTIONS = NO;
				ENABLE_STRICT_OBJC_MSGSEND = YES;
				ENABLE_USER_SCRIPT_SANDBOXING = YES;
				GCC_C_LANGUAGE_STANDARD = gnu17;
				GCC_NO_COMMON_BLOCKS = YES;
				GCC_WARN_64_TO_32_BIT_CONVERSION = YES;
				GCC_WARN_ABOUT_RETURN_TYPE = YES_ERROR;
				GCC_WARN_UNDECLARED_SELECTOR = YES;
				GCC_WARN_UNINITIALIZED_AUTOS = YES_AGGRESSIVE;
				GCC_WARN_UNUSED_FUNCTION = YES;
				GCC_WARN_UNUSED_VARIABLE = YES;
				IPHONEOS_DEPLOYMENT_TARGET = 17.4;
				LOCALIZATION_PREFERS_STRING_CATALOGS = YES;
				MTL_ENABLE_DEBUG_INFO = NO;
				MTL_FAST_MATH = YES;
				SDKROOT = iphoneos;
				SWIFT_COMPILATION_MODE = wholemodule;
				VALIDATE_PRODUCT = YES;
			};
			name = Release;
		};
		2FE9909F2BEA7C1000712E99 /* Debug */ = {
			isa = XCBuildConfiguration;
			baseConfigurationReference = 2C1A68A3E763C3A03252433E /* Pods-Cinetopia.debug.xcconfig */;
			buildSettings = {
				ASSETCATALOG_COMPILER_APPICON_NAME = AppIcon;
				ASSETCATALOG_COMPILER_GLOBAL_ACCENT_COLOR_NAME = AccentColor;
				CODE_SIGN_STYLE = Automatic;
				CURRENT_PROJECT_VERSION = 1;
				ENABLE_USER_SCRIPT_SANDBOXING = NO;
				GENERATE_INFOPLIST_FILE = YES;
				INFOPLIST_FILE = Cinetopia/Info.plist;
				INFOPLIST_KEY_UIApplicationSupportsIndirectInputEvents = YES;
				INFOPLIST_KEY_UILaunchStoryboardName = LaunchScreen;
				INFOPLIST_KEY_UISupportedInterfaceOrientations_iPad = "UIInterfaceOrientationPortrait UIInterfaceOrientationPortraitUpsideDown UIInterfaceOrientationLandscapeLeft UIInterfaceOrientationLandscapeRight";
				INFOPLIST_KEY_UISupportedInterfaceOrientations_iPhone = "UIInterfaceOrientationPortrait UIInterfaceOrientationLandscapeLeft UIInterfaceOrientationLandscapeRight";
				LD_RUNPATH_SEARCH_PATHS = (
					"$(inherited)",
					"@executable_path/Frameworks",
				);
				MARKETING_VERSION = 1.0;
				PRODUCT_BUNDLE_IDENTIFIER = dev.matheussilveira.Cinetopia;
				PRODUCT_NAME = "$(TARGET_NAME)";
				SUPPORTED_PLATFORMS = "iphoneos iphonesimulator";
				SUPPORTS_MACCATALYST = NO;
				SUPPORTS_XR_DESIGNED_FOR_IPHONE_IPAD = NO;
				SWIFT_EMIT_LOC_STRINGS = YES;
				SWIFT_VERSION = 5.0;
				TARGETED_DEVICE_FAMILY = "1,2";
			};
			name = Debug;
		};
		2FE990A02BEA7C1000712E99 /* Release */ = {
			isa = XCBuildConfiguration;
			baseConfigurationReference = 89BB0BDC463889483C36C8F7 /* Pods-Cinetopia.release.xcconfig */;
			buildSettings = {
				ASSETCATALOG_COMPILER_APPICON_NAME = AppIcon;
				ASSETCATALOG_COMPILER_GLOBAL_ACCENT_COLOR_NAME = AccentColor;
				CODE_SIGN_STYLE = Automatic;
				CURRENT_PROJECT_VERSION = 1;
				ENABLE_USER_SCRIPT_SANDBOXING = NO;
				GENERATE_INFOPLIST_FILE = YES;
				INFOPLIST_FILE = Cinetopia/Info.plist;
				INFOPLIST_KEY_UIApplicationSupportsIndirectInputEvents = YES;
				INFOPLIST_KEY_UILaunchStoryboardName = LaunchScreen;
				INFOPLIST_KEY_UISupportedInterfaceOrientations_iPad = "UIInterfaceOrientationPortrait UIInterfaceOrientationPortraitUpsideDown UIInterfaceOrientationLandscapeLeft UIInterfaceOrientationLandscapeRight";
				INFOPLIST_KEY_UISupportedInterfaceOrientations_iPhone = "UIInterfaceOrientationPortrait UIInterfaceOrientationLandscapeLeft UIInterfaceOrientationLandscapeRight";
				LD_RUNPATH_SEARCH_PATHS = (
					"$(inherited)",
					"@executable_path/Frameworks",
				);
				MARKETING_VERSION = 1.0;
				PRODUCT_BUNDLE_IDENTIFIER = dev.matheussilveira.Cinetopia;
				PRODUCT_NAME = "$(TARGET_NAME)";
				SUPPORTED_PLATFORMS = "iphoneos iphonesimulator";
				SUPPORTS_MACCATALYST = NO;
				SUPPORTS_XR_DESIGNED_FOR_IPHONE_IPAD = NO;
				SWIFT_EMIT_LOC_STRINGS = YES;
				SWIFT_VERSION = 5.0;
				TARGETED_DEVICE_FAMILY = "1,2";
			};
			name = Release;
		};
/* End XCBuildConfiguration section */

/* Begin XCConfigurationList section */
		2FE990852BEA7C0F00712E99 /* Build configuration list for PBXProject "Cinetopia" */ = {
			isa = XCConfigurationList;
			buildConfigurations = (
				2FE9909C2BEA7C1000712E99 /* Debug */,
				2FE9909D2BEA7C1000712E99 /* Release */,
			);
			defaultConfigurationIsVisible = 0;
			defaultConfigurationName = Release;
		};
		2FE9909E2BEA7C1000712E99 /* Build configuration list for PBXNativeTarget "Cinetopia" */ = {
			isa = XCConfigurationList;
			buildConfigurations = (
				2FE9909F2BEA7C1000712E99 /* Debug */,
				2FE990A02BEA7C1000712E99 /* Release */,
			);
			defaultConfigurationIsVisible = 0;
			defaultConfigurationName = Release;
		};
/* End XCConfigurationList section */
	};
	rootObject = 2FE990822BEA7C0F00712E99 /* Project object */;
}
